Microsoft Visual Studio Solution File, Format Version 12.00
# Visual Studio Version 17
VisualStudioVersion = 17.0.31903.59
MinimumVisualStudioVersion = 10.0.40219.1
Project("{FAE04EC0-301F-11D3-BF4B-00C04F79EFBC}") = "MqttRouting.AppHost", "src\MqttRouting.AppHost\MqttRouting.AppHost.csproj", "{3A0C7F2C-6DA0-4A2D-A1ED-99F9D913D4C0}"
EndProject
Project("{FAE04EC0-301F-11D3-BF4B-00C04F79EFBC}") = "MqttRouting.ServiceDefaults", "src\MqttRouting.ServiceDefaults\MqttRouting.ServiceDefaults.csproj", "{A5E3A18A-7610-4D3A-89B0-6BB5CE1BF7B1}"
EndProject
Project("{FAE04EC0-301F-11D3-BF4B-00C04F79EFBC}") = "MqttRouting.TenantPlane", "src\MqttRouting.TenantPlane\MqttRouting.TenantPlane.csproj", "{6EDFE1C4-4D0F-4D0A-9CBA-1D50B0D0A561}"
EndProject
Project("{FAE04EC0-301F-11D3-BF4B-00C04F79EFBC}") = "MqttRouting.Ingress", "src\MqttRouting.Ingress\MqttRouting.Ingress.csproj", "{9D1B2E1E-EDC6-4BE8-9E11-8C0F5F8C1B1A}"
EndProject
Project("{FAE04EC0-301F-11D3-BF4B-00C04F79EFBC}") = "MqttRouting.ProtocolTransfer", "src\MqttRouting.ProtocolTransfer\MqttRouting.ProtocolTransfer.csproj", "{D0B9C0B1-8D4C-4F0F-8A8A-8C5A6D4D5A21}"
EndProject
Global
	GlobalSection(SolutionConfigurationPlatforms) = preSolution
		Debug|Any CPU = Debug|Any CPU
		Release|Any CPU = Release|Any CPU
	EndGlobalSection
	GlobalSection(ProjectConfigurationPlatforms) = postSolution
		{3A0C7F2C-6DA0-4A2D-A1ED-99F9D913D4C0}.Debug|Any CPU.ActiveCfg = Debug|Any CPU
		{3A0C7F2C-6DA0-4A2D-A1ED-99F9D913D4C0}.Debug|Any CPU.Build.0 = Debug|Any CPU
		{3A0C7F2C-6DA0-4A2D-A1ED-99F9D913D4C0}.Release|Any CPU.ActiveCfg = Release|Any CPU
		{3A0C7F2C-6DA0-4A2D-A1ED-99F9D913D4C0}.Release|Any CPU.Build.0 = Release|Any CPU
		{A5E3A18A-7610-4D3A-89B0-6BB5CE1BF7B1}.Debug|Any CPU.ActiveCfg = Debug|Any CPU
		{A5E3A18A-7610-4D3A-89B0-6BB5CE1BF7B1}.Debug|Any CPU.Build.0 = Debug|Any CPU
		{A5E3A18A-7610-4D3A-89B0-6BB5CE1BF7B1}.Release|Any CPU.ActiveCfg = Release|Any CPU
		{A5E3A18A-7610-4D3A-89B0-6BB5CE1BF7B1}.Release|Any CPU.Build.0 = Release|Any CPU
		{6EDFE1C4-4D0F-4D0A-9CBA-1D50B0D0A561}.Debug|Any CPU.ActiveCfg = Debug|Any CPU
		{6EDFE1C4-4D0F-4D0A-9CBA-1D50B0D0A561}.Debug|Any CPU.Build.0 = Debug|Any CPU
		{6EDFE1C4-4D0F-4D0A-9CBA-1D50B0D0A561}.Release|Any CPU.ActiveCfg = Release|Any CPU
		{6EDFE1C4-4D0F-4D0A-9CBA-1D50B0D0A561}.Release|Any CPU.Build.0 = Release|Any CPU
		{9D1B2E1E-EDC6-4BE8-9E11-8C0F5F8C1B1A}.Debug|Any CPU.ActiveCfg = Debug|Any CPU
		{9D1B2E1E-EDC6-4BE8-9E11-8C0F5F8C1B1A}.Debug|Any CPU.Build.0 = Debug|Any CPU
		{9D1B2E1E-EDC6-4BE8-9E11-8C0F5F8C1B1A}.Release|Any CPU.ActiveCfg = Release|Any CPU
		{9D1B2E1E-EDC6-4BE8-9E11-8C0F5F8C1B1A}.Release|Any CPU.Build.0 = Release|Any CPU
		{D0B9C0B1-8D4C-4F0F-8A8A-8C5A6D4D5A21}.Debug|Any CPU.ActiveCfg = Debug|Any CPU
		{D0B9C0B1-8D4C-4F0F-8A8A-8C5A6D4D5A21}.Debug|Any CPU.Build.0 = Debug|Any CPU
		{D0B9C0B1-8D4C-4F0F-8A8A-8C5A6D4D5A21}.Release|Any CPU.ActiveCfg = Release|Any CPU
		{D0B9C0B1-8D4C-4F0F-8A8A-8C5A6D4D5A21}.Release|Any CPU.Build.0 = Release|Any CPU
	EndGlobalSection
EndGlobal
